
Microsoft Visual Studio Solution File, Format Version 12.00
# Visual Studio Version 17
VisualStudioVersion = 17.8.34511.84
MinimumVisualStudioVersion = 10.0.40219.1
Project("{FAE04EC0-301F-11D3-BF4B-00C04F79EFBC}") = "Week_2", "Week_2.csproj", "{67CB91DF-2668-413D-9438-F83EBE122C31}"
EndProject
Global
	GlobalSection(SolutionConfigurationPlatforms) = preSolution
		Debug|Any CPU = Debug|Any CPU
		Release|Any CPU = Release|Any CPU
	EndGlobalSection
	GlobalSection(ProjectConfigurationPlatforms) = postSolution
		{67CB91DF-2668-413D-9438-F83EBE122C31}.Debug|Any CPU.ActiveCfg = Debug|Any CPU
		{67CB91DF-2668-413D-9438-F83EBE122C31}.Debug|Any CPU.Build.0 = Debug|Any CPU
		{67CB91DF-2668-413D-9438-F83EBE122C31}.Release|Any CPU.ActiveCfg = Release|Any CPU
		{67CB91DF-2668-413D-9438-F83EBE122C31}.Release|Any CPU.Build.0 = Release|Any CPU
	EndGlobalSection
	GlobalSection(SolutionProperties) = preSolution
		HideSolutionNode = FALSE
	EndGlobalSection
	GlobalSection(ExtensibilityGlobals) = postSolution
		SolutionGuid = {E42310FF-1F17-4E0D-A5CC-DA780ABBF6A7}
	EndGlobalSection
EndGlobal
